NeoBundleLock iceberg.vim cf2f3c2cfd55453b63c0d91c22920643da1de922
NeoBundleLock neobundle.vim c6fa48cd665071b7a4dbf5ab53f48cd5884716ee
NeoBundleLock neomru.vim c7bf447627679a3f06f0f3caf893b0497d0aa90b
NeoBundleLock unite.vim 97e634117ff05d3c867d625940da5c7947cebf63
NeoBundleLock vim-slim 6673e404370e6f3d44be342cf03ea8c26ab02c66
